<Solution>
  <Configurations>
    <Platform Name="Any CPU" />
    <Platform Name="x64" />
    <Platform Name="x86" />
  </Configurations>
  <Project Path="AlexandreHtrb.WebSocketExtensions/AlexandreHtrb.WebSocketExtensions.csproj" />
  <Project Path="TestClient/TestClient.csproj" />
  <Project Path="TestServer/TestServer.csproj" />
  <Project Path="TestShared/TestShared.csproj" />
</Solution>
